Microsoft Visual Studio Solution File, Format Version 12.00
# Visual Studio Version 17
VisualStudioVersion = 17.0.31611.283
MinimumVisualStudioVersion = 10.0.40219.1
Project("{9A19103F-16F7-4668-BE54-9A1E7A4F7556}") = "DianabolDB", "DianabolDB\DianabolDB.csproj", "{17EA869F-61D2-4EA0-9159-174ABEFAD8F8}"
EndProject
Project("{9A19103F-16F7-4668-BE54-9A1E7A4F7556}") = "DataAccess", "DataAccess\DataAccess.csproj", "{06774B92-144B-4D8F-955B-7BE0F6033FED}"
EndProject
Global
	GlobalSection(SolutionConfigurationPlatforms) = preSolution
		Debug|Any CPU = Debug|Any CPU
		Release|Any CPU = Release|Any CPU
	EndGlobalSection
	GlobalSection(ProjectConfigurationPlatforms) = postSolution
		{17EA869F-61D2-4EA0-9159-174ABEFAD8F8}.Debug|Any CPU.ActiveCfg = Debug|Any CPU
		{17EA869F-61D2-4EA0-9159-174ABEFAD8F8}.Debug|Any CPU.Build.0 = Debug|Any CPU
		{17EA869F-61D2-4EA0-9159-174ABEFAD8F8}.Debug|Any CPU.Deploy.0 = Debug|Any CPU
		{17EA869F-61D2-4EA0-9159-174ABEFAD8F8}.Release|Any CPU.ActiveCfg = Release|Any CPU
		{17EA869F-61D2-4EA0-9159-174ABEFAD8F8}.Release|Any CPU.Build.0 = Release|Any CPU
		{17EA869F-61D2-4EA0-9159-174ABEFAD8F8}.Release|Any CPU.Deploy.0 = Release|Any CPU
		{06774B92-144B-4D8F-955B-7BE0F6033FED}.Debug|Any CPU.ActiveCfg = Debug|Any CPU
		{06774B92-144B-4D8F-955B-7BE0F6033FED}.Debug|Any CPU.Build.0 = Debug|Any CPU
		{06774B92-144B-4D8F-955B-7BE0F6033FED}.Release|Any CPU.ActiveCfg = Release|Any CPU
		{06774B92-144B-4D8F-955B-7BE0F6033FED}.Release|Any CPU.Build.0 = Release|Any CPU
	EndGlobalSection
	GlobalSection(SolutionProperties) = preSolution
		HideSolutionNode = FALSE
	EndGlobalSection
	GlobalSection(ExtensibilityGlobals) = postSolution
		        SolutionGuid = {61F7FB11-1E47-470C-91E2-47F8143E1572}
		SolutionGuid = {149B3FC2-943B-42AF-A004-AE6BFE2CC211}
	EndGlobalSection
EndGlobal
